// !$*UTF8*$!
{
	archiveVersion = 1;
	classes = {
	};
	objectVersion = 46;
	objects = {

/* Begin PBXBuildFile section */
		30283E077B245B6C16059D4C /* libPods-BrickBotTests.a in Frameworks */ = {isa = PBXBuildFile; fileRef = 5D69377FD52064ACF46B0306 /* libPods-BrickBotTests.a */; };
		719FD3C3C5002FE97042C291 /* libPods.a in Frameworks */ = {isa = PBXBuildFile; fileRef = E3D2B9097D0ACD12479BEA0F /* libPods.a */; };
		F6277025393C0C9315CEF1EF /* libPods-BrickBot.a in Frameworks */ = {isa = PBXBuildFile; fileRef = 3090D65DA9655E2DFFF34965 /* libPods-BrickBot.a */; };
		FB1F1E671BC2ECD500D6BA25 /* UIApplication+BrickBot.swift in Sources */ = {isa = PBXBuildFile; fileRef = FB1F1E661BC2ECD500D6BA25 /* UIApplication+BrickBot.swift */; settings = {ASSET_TAGS = (); }; };
		FB1F1E7A1BC34C0900D6BA25 /* RobotRemoteViewController.swift in Sources */ = {isa = PBXBuildFile; fileRef = FBA061F81BB9E46300F3267D /* RobotRemoteViewController.swift */; settings = {ASSET_TAGS = (); }; };
		FB1F1E7B1BC34C0D00D6BA25 /* RobotSettingsViewController.swift in Sources */ = {isa = PBXBuildFile; fileRef = FBA062251BBA6CF200F3267D /* RobotSettingsViewController.swift */; settings = {ASSET_TAGS = (); }; };
		FB1F1E7E1BC34C1600D6BA25 /* BeanRobotManager.swift in Sources */ = {isa = PBXBuildFile; fileRef = FBA0621C1BBA0C0200F3267D /* BeanRobotManager.swift */; settings = {ASSET_TAGS = (); }; };
		FB1F1E851BC34C1F00D6BA25 /* SWSettingsButton.swift in Sources */ = {isa = PBXBuildFile; fileRef = FB694D891BBDFA30004F5E10 /* SWSettingsButton.swift */; settings = {ASSET_TAGS = (); }; };
		FB1F1E861BC34C1F00D6BA25 /* SWArrowButton.swift in Sources */ = {isa = PBXBuildFile; fileRef = FB694D7C1BBCF354004F5E10 /* SWArrowButton.swift */; settings = {ASSET_TAGS = (); }; };
		FB1F1E871BC34C1F00D6BA25 /* CalibrationDial.swift in Sources */ = {isa = PBXBuildFile; fileRef = FB694D871BBDCFB2004F5E10 /* CalibrationDial.swift */; settings = {ASSET_TAGS = (); }; };
		FB1F1E881BC34C1F00D6BA25 /* BallView.swift in Sources */ = {isa = PBXBuildFile; fileRef = FBA0620F1BB9F0E700F3267D /* BallView.swift */; settings = {ASSET_TAGS = (); }; };
		FB1F1E891BC34C1F00D6BA25 /* SWPanControl.swift in Sources */ = {isa = PBXBuildFile; fileRef = FBA061F71BB9E46300F3267D /* SWPanControl.swift */; settings = {ASSET_TAGS = (); }; };
		FB1F1E8A1BC34C1F00D6BA25 /* SWTiltControl.swift in Sources */ = {isa = PBXBuildFile; fileRef = FBA062791BBC796700F3267D /* SWTiltControl.swift */; settings = {ASSET_TAGS = (); }; };
		FB1F1E8B1BC34C2300D6BA25 /* UIAlertController+BrickBot.swift in Sources */ = {isa = PBXBuildFile; fileRef = FBA062211BBA134000F3267D /* UIAlertController+BrickBot.swift */; settings = {ASSET_TAGS = (); }; };
		FB1F1E8C1BC34C2300D6BA25 /* UIStoryboardSegue+BrickBot.swift in Sources */ = {isa = PBXBuildFile; fileRef = FB694D8B1BBEF70E004F5E10 /* UIStoryboardSegue+BrickBot.swift */; settings = {ASSET_TAGS = (); }; };
		FB1F1E8D1BC34C2300D6BA25 /* UIApplication+BrickBot.swift in Sources */ = {isa = PBXBuildFile; fileRef = FB1F1E661BC2ECD500D6BA25 /* UIApplication+BrickBot.swift */; settings = {ASSET_TAGS = (); }; };
		FB1F1E8F1BC34C6400D6BA25 /* SimulatedRobotManager.swift in Sources */ = {isa = PBXBuildFile; fileRef = FBA062091BB9EC2700F3267D /* SimulatedRobotManager.swift */; settings = {ASSET_TAGS = (); }; };
		FB1F1EF01BC39FCB00D6BA25 /* BBMotorCalibration.swift in Sources */ = {isa = PBXBuildFile; fileRef = FB1F1EEC1BC39FCB00D6BA25 /* BBMotorCalibration.swift */; settings = {ASSET_TAGS = (); }; };
		FB1F1EF11BC39FCB00D6BA25 /* BBRobotPosition.swift in Sources */ = {isa = PBXBuildFile; fileRef = FB1F1EED1BC39FCB00D6BA25 /* BBRobotPosition.swift */; settings = {ASSET_TAGS = (); }; };
		FB1F1EF21BC39FCB00D6BA25 /* BBRobot.swift in Sources */ = {isa = PBXBuildFile; fileRef = FB1F1EEE1BC39FCB00D6BA25 /* BBRobot.swift */; settings = {ASSET_TAGS = (); }; };
		FB1F1EF31BC39FCB00D6BA25 /* BBRobotManager.swift in Sources */ = {isa = PBXBuildFile; fileRef = FB1F1EEF1BC39FCB00D6BA25 /* BBRobotManager.swift */; settings = {ASSET_TAGS = (); }; };
		FB1F1EF51BC3A03C00D6BA25 /* BBRobotTests.swift in Sources */ = {isa = PBXBuildFile; fileRef = FB1F1EF41BC3A03C00D6BA25 /* BBRobotTests.swift */; settings = {ASSET_TAGS = (); }; };
		FB1F1EFA1BC3A0F300D6BA25 /* BBMotorCalibration.swift in Sources */ = {isa = PBXBuildFile; fileRef = FB1F1EEC1BC39FCB00D6BA25 /* BBMotorCalibration.swift */; settings = {ASSET_TAGS = (); }; };
		FB1F1EFB1BC3A0F300D6BA25 /* BBRobotPosition.swift in Sources */ = {isa = PBXBuildFile; fileRef = FB1F1EED1BC39FCB00D6BA25 /* BBRobotPosition.swift */; settings = {ASSET_TAGS = (); }; };
		FB1F1EFC1BC3A0F300D6BA25 /* BBRobot.swift in Sources */ = {isa = PBXBuildFile; fileRef = FB1F1EEE1BC39FCB00D6BA25 /* BBRobot.swift */; settings = {ASSET_TAGS = (); }; };
		FB1F1EFD1BC3A0F300D6BA25 /* BBRobotManager.swift in Sources */ = {isa = PBXBuildFile; fileRef = FB1F1EEF1BC39FCB00D6BA25 /* BBRobotManager.swift */; settings = {ASSET_TAGS = (); }; };
		FB694D7D1BBCF354004F5E10 /* SWArrowButton.swift in Sources */ = {isa = PBXBuildFile; fileRef = FB694D7C1BBCF354004F5E10 /* SWArrowButton.swift */; settings = {ASSET_TAGS = (); }; };
		FB694D881BBDCFB2004F5E10 /* CalibrationDial.swift in Sources */ = {isa = PBXBuildFile; fileRef = FB694D871BBDCFB2004F5E10 /* CalibrationDial.swift */; settings = {ASSET_TAGS = (); }; };
		FB694D8A1BBDFA30004F5E10 /* SWSettingsButton.swift in Sources */ = {isa = PBXBuildFile; fileRef = FB694D891BBDFA30004F5E10 /* SWSettingsButton.swift */; settings = {ASSET_TAGS = (); }; };
		FB694D8C1BBEF70E004F5E10 /* UIStoryboardSegue+BrickBot.swift in Sources */ = {isa = PBXBuildFile; fileRef = FB694D8B1BBEF70E004F5E10 /* UIStoryboardSegue+BrickBot.swift */; settings = {ASSET_TAGS = (); }; };
		FBA061F91BB9E46300F3267D /* SWPanControl.swift in Sources */ = {isa = PBXBuildFile; fileRef = FBA061F71BB9E46300F3267D /* SWPanControl.swift */; settings = {ASSET_TAGS = (); }; };
		FBA061FA1BB9E46300F3267D /* RobotRemoteViewController.swift in Sources */ = {isa = PBXBuildFile; fileRef = FBA061F81BB9E46300F3267D /* RobotRemoteViewController.swift */; settings = {ASSET_TAGS = (); }; };
		FBA0620A1BB9EC2700F3267D /* SimulatedRobotManager.swift in Sources */ = {isa = PBXBuildFile; fileRef = FBA062091BB9EC2700F3267D /* SimulatedRobotManager.swift */; settings = {ASSET_TAGS = (); }; };
		FBA062101BB9F0E700F3267D /* BallView.swift in Sources */ = {isa = PBXBuildFile; fileRef = FBA0620F1BB9F0E700F3267D /* BallView.swift */; settings = {ASSET_TAGS = (); }; };
		FBA0621D1BBA0C0200F3267D /* BeanRobotManager.swift in Sources */ = {isa = PBXBuildFile; fileRef = FBA0621C1BBA0C0200F3267D /* BeanRobotManager.swift */; settings = {ASSET_TAGS = (); }; };
		FBA062221BBA134000F3267D /* UIAlertController+BrickBot.swift in Sources */ = {isa = PBXBuildFile; fileRef = FBA062211BBA134000F3267D /* UIAlertController+BrickBot.swift */; settings = {ASSET_TAGS = (); }; };
		FBA062261BBA6CF200F3267D /* RobotSettingsViewController.swift in Sources */ = {isa = PBXBuildFile; fileRef = FBA062251BBA6CF200F3267D /* RobotSettingsViewController.swift */; settings = {ASSET_TAGS = (); }; };
		FBA0627A1BBC796700F3267D /* SWTiltControl.swift in Sources */ = {isa = PBXBuildFile; fileRef = FBA062791BBC796700F3267D /* SWTiltControl.swift */; settings = {ASSET_TAGS = (); }; };
		FBC4A5E81BC507E100F3F906 /* BBMotorCalibrationTests.swift in Sources */ = {isa = PBXBuildFile; fileRef = FBC4A5E71BC507E100F3F906 /* BBMotorCalibrationTests.swift */; settings = {ASSET_TAGS = (); }; };
		FBC4A7631BC86F3500F3F906 /* BeanRobotManagerTests.swift in Sources */ = {isa = PBXBuildFile; fileRef = FBC4A7621BC86F3500F3F906 /* BeanRobotManagerTests.swift */; settings = {ASSET_TAGS = (); }; };
		FBDAEEC51BB9E25500066995 /* AppDelegate.swift in Sources */ = {isa = PBXBuildFile; fileRef = FBDAEEC41BB9E25500066995 /* AppDelegate.swift */; };
		FBDAEECA1BB9E25500066995 /* Main.storyboard in Resources */ = {isa = PBXBuildFile; fileRef = FBDAEEC81BB9E25500066995 /* Main.storyboard */; };
		FBDAEECC1BB9E25500066995 /* Assets.xcassets in Resources */ = {isa = PBXBuildFile; fileRef = FBDAEECB1BB9E25500066995 /* Assets.xcassets */; };
		FBDAEECF1BB9E25500066995 /* LaunchScreen.storyboard in Resources */ = {isa = PBXBuildFile; fileRef = FBDAEECD1BB9E25500066995 /* LaunchScreen.storyboard */; };
		FBDAEEE51BB9E25500066995 /* BrickBotUITests.swift in Sources */ = {isa = PBXBuildFile; fileRef = FBDAEEE41BB9E25500066995 /* BrickBotUITests.swift */; };
/* End PBXBuildFile section */

/* Begin PBXContainerItemProxy section */
		FBDAEED61BB9E25500066995 /* PBXContainerItemProxy */ = {
			isa = PBXContainerItemProxy;
			containerPortal = FBDAEEB91BB9E25500066995 /* Project object */;
			proxyType = 1;
			remoteGlobalIDString = FBDAEEC01BB9E25500066995;
			remoteInfo = BrickBot;
		};
		FBDAEEE11BB9E25500066995 /* PBXContainerItemProxy */ = {
			isa = PBXContainerItemProxy;
			containerPortal = FBDAEEB91BB9E25500066995 /* Project object */;
			proxyType = 1;
			remoteGlobalIDString = FBDAEEC01BB9E25500066995;
			remoteInfo = BrickBot;
		};
/* End PBXContainerItemProxy section */

/* Begin PBXCopyFilesBuildPhase section */
		FB1F1EB61BC37EBC00D6BA25 /* Embed Frameworks */ = {
			isa = PBXCopyFilesBuildPhase;
			buildActionMask = 2147483647;
			dstPath = "";
			dstSubfolderSpec = 10;
			files = (
			);
			name = "Embed Frameworks";
			runOnlyForDeploymentPostprocessing = 0;
		};
		FB1F1EEA1BC3951200D6BA25 /* Embed Watch Content */ = {
			isa = PBXCopyFilesBuildPhase;
			buildActionMask = 2147483647;
			dstPath = "$(CONTENTS_FOLDER_PATH)/Watch";
			dstSubfolderSpec = 16;
			files = (
			);
			name = "Embed Watch Content";
			runOnlyForDeploymentPostprocessing = 0;
		};
/* End PBXCopyFilesBuildPhase section */

/* Begin PBXFileReference section */
		2707BBB942FB5C0178DB7455 /* Pods-BrickBotTests.debug.xcconfig */ = {isa = PBXFileReference; includeInIndex = 1; lastKnownFileType = text.xcconfig; name = "Pods-BrickBotTests.debug.xcconfig"; path = "Pods/Target Support Files/Pods-BrickBotTests/Pods-BrickBotTests.debug.xcconfig"; sourceTree = "<group>"; };
		3090D65DA9655E2DFFF34965 /* libPods-BrickBot.a */ = {isa = PBXFileReference; explicitFileType = archive.ar; includeInIndex = 0; path = "libPods-BrickBot.a"; sourceTree = BUILT_PRODUCTS_DIR; };
		4189AEB01E1CF4CA5F751B87 /* Pods-BrickBot.debug.xcconfig */ = {isa = PBXFileReference; includeInIndex = 1; lastKnownFileType = text.xcconfig; name = "Pods-BrickBot.debug.xcconfig"; path = "Pods/Target Support Files/Pods-BrickBot/Pods-BrickBot.debug.xcconfig"; sourceTree = "<group>"; };
		467BB6F76E725B965F9D77A6 /* Pods-BrickBot.release.xcconfig */ = {isa = PBXFileReference; includeInIndex = 1; lastKnownFileType = text.xcconfig; name = "Pods-BrickBot.release.xcconfig"; path = "Pods/Target Support Files/Pods-BrickBot/Pods-BrickBot.release.xcconfig"; sourceTree = "<group>"; };
		5D69377FD52064ACF46B0306 /* libPods-BrickBotTests.a */ = {isa = PBXFileReference; explicitFileType = archive.ar; includeInIndex = 0; path = "libPods-BrickBotTests.a"; sourceTree = BUILT_PRODUCTS_DIR; };
		7AD7BD9A2BC65C41F90D422D /* Pods.debug.xcconfig */ = {isa = PBXFileReference; includeInIndex = 1; lastKnownFileType = text.xcconfig; name = Pods.debug.xcconfig; path = "Pods/Target Support Files/Pods/Pods.debug.xcconfig"; sourceTree = "<group>"; };
		8A992C48830A0C8685274351 /* Pods.release.xcconfig */ = {isa = PBXFileReference; includeInIndex = 1; lastKnownFileType = text.xcconfig; name = Pods.release.xcconfig; path = "Pods/Target Support Files/Pods/Pods.release.xcconfig"; sourceTree = "<group>"; };
		D13E38A3FD18AE62138E3600 /* Pods-BrickBotTests.release.xcconfig */ = {isa = PBXFileReference; includeInIndex = 1; lastKnownFileType = text.xcconfig; name = "Pods-BrickBotTests.release.xcconfig"; path = "Pods/Target Support Files/Pods-BrickBotTests/Pods-BrickBotTests.release.xcconfig"; sourceTree = "<group>"; };
		E3D2B9097D0ACD12479BEA0F /* libPods.a */ = {isa = PBXFileReference; explicitFileType = archive.ar; includeInIndex = 0; path = libPods.a; sourceTree = BUILT_PRODUCTS_DIR; };
		FB1F1E661BC2ECD500D6BA25 /* UIApplication+BrickBot.swift */ = {isa = PBXFileReference; fileEncoding = 4; lastKnownFileType = sourcecode.swift; path = "UIApplication+BrickBot.swift"; sourceTree = "<group>"; };
		FB1F1EEC1BC39FCB00D6BA25 /* BBMotorCalibration.swift */ = {isa = PBXFileReference; fileEncoding = 4; lastKnownFileType = sourcecode.swift; path = BBMotorCalibration.swift; sourceTree = "<group>"; };
		FB1F1EED1BC39FCB00D6BA25 /* BBRobotPosition.swift */ = {isa = PBXFileReference; fileEncoding = 4; lastKnownFileType = sourcecode.swift; path = BBRobotPosition.swift; sourceTree = "<group>"; };
		FB1F1EEE1BC39FCB00D6BA25 /* BBRobot.swift */ = {isa = PBXFileReference; fileEncoding = 4; lastKnownFileType = sourcecode.swift; lineEnding = 0; path = BBRobot.swift; sourceTree = "<group>"; xcLanguageSpecificationIdentifier = xcode.lang.swift; };
		FB1F1EEF1BC39FCB00D6BA25 /* BBRobotManager.swift */ = {isa = PBXFileReference; fileEncoding = 4; lastKnownFileType = sourcecode.swift; lineEnding = 0; path = BBRobotManager.swift; sourceTree = "<group>"; xcLanguageSpecificationIdentifier = xcode.lang.swift; };
		FB1F1EF41BC3A03C00D6BA25 /* BBRobotTests.swift */ = {isa = PBXFileReference; fileEncoding = 4; lastKnownFileType = sourcecode.swift; lineEnding = 0; path = BBRobotTests.swift; sourceTree = "<group>"; xcLanguageSpecificationIdentifier = xcode.lang.swift; };
		FB694D7C1BBCF354004F5E10 /* SWArrowButton.swift */ = {isa = PBXFileReference; fileEncoding = 4; lastKnownFileType = sourcecode.swift; path = SWArrowButton.swift; sourceTree = "<group>"; };
		FB694D871BBDCFB2004F5E10 /* CalibrationDial.swift */ = {isa = PBXFileReference; fileEncoding = 4; lastKnownFileType = sourcecode.swift; path = CalibrationDial.swift; sourceTree = "<group>"; };
		FB694D891BBDFA30004F5E10 /* SWSettingsButton.swift */ = {isa = PBXFileReference; fileEncoding = 4; lastKnownFileType = sourcecode.swift; path = SWSettingsButton.swift; sourceTree = "<group>"; };
		FB694D8B1BBEF70E004F5E10 /* UIStoryboardSegue+BrickBot.swift */ = {isa = PBXFileReference; fileEncoding = 4; lastKnownFileType = sourcecode.swift; path = "UIStoryboardSegue+BrickBot.swift"; sourceTree = "<group>"; };
		FBA061F71BB9E46300F3267D /* SWPanControl.swift */ = {isa = PBXFileReference; fileEncoding = 4; lastKnownFileType = sourcecode.swift; path = SWPanControl.swift; sourceTree = "<group>"; };
		FBA061F81BB9E46300F3267D /* RobotRemoteViewController.swift */ = {isa = PBXFileReference; fileEncoding = 4; lastKnownFileType = sourcecode.swift; lineEnding = 0; path = RobotRemoteViewController.swift; sourceTree = "<group>"; xcLanguageSpecificationIdentifier = xcode.lang.swift; };
		FBA062091BB9EC2700F3267D /* SimulatedRobotManager.swift */ = {isa = PBXFileReference; fileEncoding = 4; lastKnownFileType = sourcecode.swift; lineEnding = 0; path = SimulatedRobotManager.swift; sourceTree = "<group>"; xcLanguageSpecificationIdentifier = xcode.lang.swift; };
		FBA0620F1BB9F0E700F3267D /* BallView.swift */ = {isa = PBXFileReference; fileEncoding = 4; lastKnownFileType = sourcecode.swift; path = BallView.swift; sourceTree = "<group>"; };
		FBA062131BBA019700F3267D /* BrickBot-Bridging-Header.h */ = {isa = PBXFileReference; lastKnownFileType = sourcecode.c.h; path = "BrickBot-Bridging-Header.h"; sourceTree = "<group>"; };
		FBA062141BBA019700F3267D /* BrickBotTests-Bridging-Header.h */ = {isa = PBXFileReference; lastKnownFileType = sourcecode.c.h; name = "BrickBotTests-Bridging-Header.h"; path = "../BrickBot/BrickBotTests-Bridging-Header.h"; sourceTree = "<group>"; };
		FBA062151BBA019700F3267D /* BrickBotUITests-Bridging-Header.h */ = {isa = PBXFileReference; lastKnownFileType = sourcecode.c.h; name = "BrickBotUITests-Bridging-Header.h"; path = "../BrickBot/BrickBotUITests-Bridging-Header.h"; sourceTree = "<group>"; };
		FBA0621C1BBA0C0200F3267D /* BeanRobotManager.swift */ = {isa = PBXFileReference; fileEncoding = 4; lastKnownFileType = sourcecode.swift; lineEnding = 0; path = BeanRobotManager.swift; sourceTree = "<group>"; xcLanguageSpecificationIdentifier = xcode.lang.swift; };
		FBA062211BBA134000F3267D /* UIAlertController+BrickBot.swift */ = {isa = PBXFileReference; fileEncoding = 4; lastKnownFileType = sourcecode.swift; path = "UIAlertController+BrickBot.swift"; sourceTree = "<group>"; };
		FBA062251BBA6CF200F3267D /* RobotSettingsViewController.swift */ = {isa = PBXFileReference; fileEncoding = 4; lastKnownFileType = sourcecode.swift; lineEnding = 0; path = RobotSettingsViewController.swift; sourceTree = "<group>"; xcLanguageSpecificationIdentifier = xcode.lang.swift; };
		FBA062791BBC796700F3267D /* SWTiltControl.swift */ = {isa = PBXFileReference; fileEncoding = 4; lastKnownFileType = sourcecode.swift; path = SWTiltControl.swift; sourceTree = "<group>"; };
		FBC4A5E71BC507E100F3F906 /* BBMotorCalibrationTests.swift */ = {isa = PBXFileReference; fileEncoding = 4; lastKnownFileType = sourcecode.swift; path = BBMotorCalibrationTests.swift; sourceTree = "<group>"; };
		FBC4A7621BC86F3500F3F906 /* BeanRobotManagerTests.swift */ = {isa = PBXFileReference; fileEncoding = 4; lastKnownFileType = sourcecode.swift; path = BeanRobotManagerTests.swift; sourceTree = "<group>"; };
		FBDAEEC11BB9E25500066995 /* BrickBot.app */ = {isa = PBXFileReference; explicitFileType = wrapper.application; includeInIndex = 0; path = BrickBot.app; sourceTree = BUILT_PRODUCTS_DIR; };
		FBDAEEC41BB9E25500066995 /* AppDelegate.swift */ = {isa = PBXFileReference; lastKnownFileType = sourcecode.swift; lineEnding = 0; path = AppDelegate.swift; sourceTree = "<group>"; xcLanguageSpecificationIdentifier = xcode.lang.swift; };
		FBDAEEC91BB9E25500066995 /* Base */ = {isa = PBXFileReference; lastKnownFileType = file.storyboard; name = Base; path = Base.lproj/Main.storyboard; sourceTree = "<group>"; };
		FBDAEECB1BB9E25500066995 /* Assets.xcassets */ = {isa = PBXFileReference; lastKnownFileType = folder.assetcatalog; path = Assets.xcassets; sourceTree = "<group>"; };
		FBDAEECE1BB9E25500066995 /* Base */ = {isa = PBXFileReference; lastKnownFileType = file.storyboard; name = Base; path = Base.lproj/LaunchScreen.storyboard; sourceTree = "<group>"; };
		FBDAEED01BB9E25500066995 /* Info.plist */ = {isa = PBXFileReference; lastKnownFileType = text.plist.xml; path = Info.plist; sourceTree = "<group>"; };
		FBDAEED51BB9E25500066995 /* BrickBotTests.xctest */ = {isa = PBXFileReference; explicitFileType = wrapper.cfbundle; includeInIndex = 0; path = BrickBotTests.xctest; sourceTree = BUILT_PRODUCTS_DIR; };
		FBDAEEDB1BB9E25500066995 /* Info.plist */ = {isa = PBXFileReference; lastKnownFileType = text.plist.xml; path = Info.plist; sourceTree = "<group>"; };
		FBDAEEE01BB9E25500066995 /* BrickBotUITests.xctest */ = {isa = PBXFileReference; explicitFileType = wrapper.cfbundle; includeInIndex = 0; path = BrickBotUITests.xctest; sourceTree = BUILT_PRODUCTS_DIR; };
		FBDAEEE41BB9E25500066995 /* BrickBotUITests.swift */ = {isa = PBXFileReference; lastKnownFileType = sourcecode.swift; path = BrickBotUITests.swift; sourceTree = "<group>"; };
		FBDAEEE61BB9E25500066995 /* Info.plist */ = {isa = PBXFileReference; lastKnownFileType = text.plist.xml; path = Info.plist; sourceTree = "<group>"; };
/* End PBXFileReference section */

/* Begin PBXFrameworksBuildPhase section */
		FBDAEEBE1BB9E25500066995 /* Frameworks */ = {
			isa = PBXFrameworksBuildPhase;
			buildActionMask = 2147483647;
			files = (
				719FD3C3C5002FE97042C291 /* libPods.a in Frameworks */,
				F6277025393C0C9315CEF1EF /* libPods-BrickBot.a in Frameworks */,
			);
			runOnlyForDeploymentPostprocessing = 0;
		};
		FBDAEED21BB9E25500066995 /* Frameworks */ = {
			isa = PBXFrameworksBuildPhase;
			buildActionMask = 2147483647;
			files = (
				30283E077B245B6C16059D4C /* libPods-BrickBotTests.a in Frameworks */,
			);
			runOnlyForDeploymentPostprocessing = 0;
		};
		FBDAEEDD1BB9E25500066995 /* Frameworks */ = {
			isa = PBXFrameworksBuildPhase;
			buildActionMask = 2147483647;
			files = (
			);
			runOnlyForDeploymentPostprocessing = 0;
		};
/* End PBXFrameworksBuildPhase section */

/* Begin PBXGroup section */
		504A36F341E71C8DA67B8086 /* Frameworks */ = {
			isa = PBXGroup;
			children = (
				E3D2B9097D0ACD12479BEA0F /* libPods.a */,
				3090D65DA9655E2DFFF34965 /* libPods-BrickBot.a */,
				5D69377FD52064ACF46B0306 /* libPods-BrickBotTests.a */,
			);
			name = Frameworks;
			sourceTree = "<group>";
		};
		65DABE35B63F029E151552A3 /* Pods */ = {
			isa = PBXGroup;
			children = (
				7AD7BD9A2BC65C41F90D422D /* Pods.debug.xcconfig */,
				8A992C48830A0C8685274351 /* Pods.release.xcconfig */,
				2707BBB942FB5C0178DB7455 /* Pods-BrickBotTests.debug.xcconfig */,
				D13E38A3FD18AE62138E3600 /* Pods-BrickBotTests.release.xcconfig */,
				4189AEB01E1CF4CA5F751B87 /* Pods-BrickBot.debug.xcconfig */,
				467BB6F76E725B965F9D77A6 /* Pods-BrickBot.release.xcconfig */,
			);
			name = Pods;
			sourceTree = "<group>";
		};
		FB1F1E901BC3781300D6BA25 /* Robot Model */ = {
			isa = PBXGroup;
			children = (
				FB1F1EEC1BC39FCB00D6BA25 /* BBMotorCalibration.swift */,
				FB1F1EED1BC39FCB00D6BA25 /* BBRobotPosition.swift */,
				FB1F1EEE1BC39FCB00D6BA25 /* BBRobot.swift */,
				FB1F1EEF1BC39FCB00D6BA25 /* BBRobotManager.swift */,
				FBA0621C1BBA0C0200F3267D /* BeanRobotManager.swift */,
				FBA062091BB9EC2700F3267D /* SimulatedRobotManager.swift */,
			);
			name = "Robot Model";
			sourceTree = "<group>";
		};
		FBA0620D1BB9F02400F3267D /* Support Files */ = {
			isa = PBXGroup;
			children = (
				FBDAEECB1BB9E25500066995 /* Assets.xcassets */,
				FBDAEECD1BB9E25500066995 /* LaunchScreen.storyboard */,
				FBDAEED01BB9E25500066995 /* Info.plist */,
				FBA062131BBA019700F3267D /* BrickBot-Bridging-Header.h */,
			);
			name = "Support Files";
			sourceTree = "<group>";
		};
		FBA0620E1BB9F0BE00F3267D /* Views */ = {
			isa = PBXGroup;
			children = (
				FB694D891BBDFA30004F5E10 /* SWSettingsButton.swift */,
				FB694D7C1BBCF354004F5E10 /* SWArrowButton.swift */,
				FB694D871BBDCFB2004F5E10 /* CalibrationDial.swift */,
				FBA0620F1BB9F0E700F3267D /* BallView.swift */,
				FBA061F71BB9E46300F3267D /* SWPanControl.swift */,
				FBA062791BBC796700F3267D /* SWTiltControl.swift */,
			);
			name = Views;
			sourceTree = "<group>";
		};
		FBA062201BBA132100F3267D /* Extensions */ = {
			isa = PBXGroup;
			children = (
				FBA062211BBA134000F3267D /* UIAlertController+BrickBot.swift */,
				FB694D8B1BBEF70E004F5E10 /* UIStoryboardSegue+BrickBot.swift */,
				FB1F1E661BC2ECD500D6BA25 /* UIApplication+BrickBot.swift */,
			);
			name = Extensions;
			sourceTree = "<group>";
		};
		FBDAEEB81BB9E25500066995 = {
			isa = PBXGroup;
			children = (
				FBDAEEC31BB9E25500066995 /* BrickBot */,
				FBDAEED81BB9E25500066995 /* BrickBotTests */,
				FBDAEEE31BB9E25500066995 /* BrickBotUITests */,
				FBDAEEC21BB9E25500066995 /* Products */,
				65DABE35B63F029E151552A3 /* Pods */,
				504A36F341E71C8DA67B8086 /* Frameworks */,
			);
			sourceTree = "<group>";
		};
		FBDAEEC21BB9E25500066995 /* Products */ = {
			isa = PBXGroup;
			children = (
				FBDAEEC11BB9E25500066995 /* BrickBot.app */,
				FBDAEED51BB9E25500066995 /* BrickBotTests.xctest */,
				FBDAEEE01BB9E25500066995 /* BrickBotUITests.xctest */,
			);
			name = Products;
			sourceTree = "<group>";
		};
		FBDAEEC31BB9E25500066995 /* BrickBot */ = {
			isa = PBXGroup;
			children = (
				FBDAEEC41BB9E25500066995 /* AppDelegate.swift */,
				FBDAEEC81BB9E25500066995 /* Main.storyboard */,
				FBA061F81BB9E46300F3267D /* RobotRemoteViewController.swift */,
				FBA062251BBA6CF200F3267D /* RobotSettingsViewController.swift */,
				FB1F1E901BC3781300D6BA25 /* Robot Model */,
				FBA0620E1BB9F0BE00F3267D /* Views */,
				FBA062201BBA132100F3267D /* Extensions */,
				FBA0620D1BB9F02400F3267D /* Support Files */,
			);
			path = BrickBot;
			sourceTree = "<group>";
		};
		FBDAEED81BB9E25500066995 /* BrickBotTests */ = {
			isa = PBXGroup;
			children = (
				FBA062141BBA019700F3267D /* BrickBotTests-Bridging-Header.h */,
				FBDAEEDB1BB9E25500066995 /* Info.plist */,
				FBC4A5E71BC507E100F3F906 /* BBMotorCalibrationTests.swift */,
				FB1F1EF41BC3A03C00D6BA25 /* BBRobotTests.swift */,
				FBC4A7621BC86F3500F3F906 /* BeanRobotManagerTests.swift */,
			);
			path = BrickBotTests;
			sourceTree = "<group>";
		};
		FBDAEEE31BB9E25500066995 /* BrickBotUITests */ = {
			isa = PBXGroup;
			children = (
				FBA062151BBA019700F3267D /* BrickBotUITests-Bridging-Header.h */,
				FBDAEEE41BB9E25500066995 /* BrickBotUITests.swift */,
				FBDAEEE61BB9E25500066995 /* Info.plist */,
			);
			path = BrickBotUITests;
			sourceTree = "<group>";
		};
/* End PBXGroup section */

/* Begin PBXNativeTarget section */
		FBDAEEC01BB9E25500066995 /* BrickBot */ = {
			isa = PBXNativeTarget;
			buildConfigurationList = FBDAEEE91BB9E25500066995 /* Build configuration list for PBXNativeTarget "BrickBot" */;
			buildPhases = (
				7ABC66A8A364AEB050EB86B1 /* Check Pods Manifest.lock */,
				FBDAEEBD1BB9E25500066995 /* Sources */,
				FBDAEEBE1BB9E25500066995 /* Frameworks */,
				FBDAEEBF1BB9E25500066995 /* Resources */,
				41E0C9A9B11BE0F06E44954A /* Copy Pods Resources */,
				FB1F1EB61BC37EBC00D6BA25 /* Embed Frameworks */,
				FB1F1EEA1BC3951200D6BA25 /* Embed Watch Content */,
			);
			buildRules = (
			);
			dependencies = (
			);
			name = BrickBot;
			productName = BrickBot;
			productReference = FBDAEEC11BB9E25500066995 /* BrickBot.app */;
			productType = "com.apple.product-type.application";
		};
		FBDAEED41BB9E25500066995 /* BrickBotTests */ = {
			isa = PBXNativeTarget;
			buildConfigurationList = FBDAEEEC1BB9E25500066995 /* Build configuration list for PBXNativeTarget "BrickBotTests" */;
			buildPhases = (
				95B403390466E8670716ED38 /* Check Pods Manifest.lock */,
				FBDAEED11BB9E25500066995 /* Sources */,
				FBDAEED21BB9E25500066995 /* Frameworks */,
				FBDAEED31BB9E25500066995 /* Resources */,
				B669EF5DE14771BCE2AE5681 /* Copy Pods Resources */,
			);
			buildRules = (
			);
			dependencies = (
				FBDAEED71BB9E25500066995 /* PBXTargetDependency */,
			);
			name = BrickBotTests;
			productName = BrickBotTests;
			productReference = FBDAEED51BB9E25500066995 /* BrickBotTests.xctest */;
			productType = "com.apple.product-type.bundle.unit-test";
		};
		FBDAEEDF1BB9E25500066995 /* BrickBotUITests */ = {
			isa = PBXNativeTarget;
			buildConfigurationList = FBDAEEEF1BB9E25500066995 /* Build configuration list for PBXNativeTarget "BrickBotUITests" */;
			buildPhases = (
				FBDAEEDC1BB9E25500066995 /* Sources */,
				FBDAEEDD1BB9E25500066995 /* Frameworks */,
				FBDAEEDE1BB9E25500066995 /* Resources */,
			);
			buildRules = (
			);
			dependencies = (
				FBDAEEE21BB9E25500066995 /* PBXTargetDependency */,
			);
			name = BrickBotUITests;
			productName = BrickBotUITests;
			productReference = FBDAEEE01BB9E25500066995 /* BrickBotUITests.xctest */;
			productType = "com.apple.product-type.bundle.ui-testing";
		};
/* End PBXNativeTarget section */

/* Begin PBXProject section */
		FBDAEEB91BB9E25500066995 /* Project object */ = {
			isa = PBXProject;
			attributes = {
				LastSwiftMigration = 0700;
				LastSwiftUpdateCheck = 0700;
				LastUpgradeCheck = 0700;
				ORGANIZATIONNAME = Smallwisdom;
				TargetAttributes = {
					FBDAEEC01BB9E25500066995 = {
						CreatedOnToolsVersion = 7.0;
						DevelopmentTeam = QMHQD2VUPF;
						SystemCapabilities = {
							com.apple.BackgroundModes = {
								enabled = 1;
							};
						};
					};
					FBDAEED41BB9E25500066995 = {
						CreatedOnToolsVersion = 7.0;
					};
					FBDAEEDF1BB9E25500066995 = {
						CreatedOnToolsVersion = 7.0;
						TestTargetID = FBDAEEC01BB9E25500066995;
					};
				};
			};
			buildConfigurationList = FBDAEEBC1BB9E25500066995 /* Build configuration list for PBXProject "BrickBot" */;
			compatibilityVersion = "Xcode 3.2";
			developmentRegion = English;
			hasScannedForEncodings = 0;
			knownRegions = (
				en,
				Base,
			);
			mainGroup = FBDAEEB81BB9E25500066995;
			productRefGroup = FBDAEEC21BB9E25500066995 /* Products */;
			projectDirPath = "";
			projectRoot = "";
			targets = (
				FBDAEEC01BB9E25500066995 /* BrickBot */,
				FBDAEED41BB9E25500066995 /* BrickBotTests */,
				FBDAEEDF1BB9E25500066995 /* BrickBotUITests */,
			);
		};
/* End PBXProject section */

/* Begin PBXResourcesBuildPhase section */
		FBDAEEBF1BB9E25500066995 /* Resources */ = {
			isa = PBXResourcesBuildPhase;
			buildActionMask = 2147483647;
			files = (
				FBDAEECF1BB9E25500066995 /* LaunchScreen.storyboard in Resources */,
				FBDAEECC1BB9E25500066995 /* Assets.xcassets in Resources */,
				FBDAEECA1BB9E25500066995 /* Main.storyboard in Resources */,
			);
			runOnlyForDeploymentPostprocessing = 0;
		};
		FBDAEED31BB9E25500066995 /* Resources */ = {
			isa = PBXResourcesBuildPhase;
			buildActionMask = 2147483647;
			files = (
			);
			runOnlyForDeploymentPostprocessing = 0;
		};
		FBDAEEDE1BB9E25500066995 /* Resources */ = {
			isa = PBXResourcesBuildPhase;
			buildActionMask = 2147483647;
			files = (
			);
			runOnlyForDeploymentPostprocessing = 0;
		};
/* End PBXResourcesBuildPhase section */

/* Begin PBXShellScriptBuildPhase section */
		41E0C9A9B11BE0F06E44954A /* Copy Pods Resources */ = {
			isa = PBXShellScriptBuildPhase;
			buildActionMask = 2147483647;
			files = (
			);
			inputPaths = (
			);
			name = "Copy Pods Resources";
			outputPaths = (
			);
			runOnlyForDeploymentPostprocessing = 0;
			shellPath = /bin/sh;
			shellScript = "\"${SRCROOT}/Pods/Target Support Files/Pods-BrickBot/Pods-BrickBot-resources.sh\"\n";
			showEnvVarsInLog = 0;
		};
		7ABC66A8A364AEB050EB86B1 /* Check Pods Manifest.lock */ = {
			isa = PBXShellScriptBuildPhase;
			buildActionMask = 2147483647;
			files = (
			);
			inputPaths = (
			);
			name = "Check Pods Manifest.lock";
			outputPaths = (
			);
			runOnlyForDeploymentPostprocessing = 0;
			shellPath = /bin/sh;
			shellScript = "diff \"${PODS_ROOT}/../Podfile.lock\" \"${PODS_ROOT}/Manifest.lock\" > /dev/null\nif [[ $? != 0 ]] ; then\n    cat << EOM\nerror: The sandbox is not in sync with the Podfile.lock. Run 'pod install' or update your CocoaPods installation.\nEOM\n    exit 1\nfi\n";
			showEnvVarsInLog = 0;
		};
		95B403390466E8670716ED38 /* Check Pods Manifest.lock */ = {
			isa = PBXShellScriptBuildPhase;
			buildActionMask = 2147483647;
			files = (
			);
			inputPaths = (
			);
			name = "Check Pods Manifest.lock";
			outputPaths = (
			);
			runOnlyForDeploymentPostprocessing = 0;
			shellPath = /bin/sh;
			shellScript = "diff \"${PODS_ROOT}/../Podfile.lock\" \"${PODS_ROOT}/Manifest.lock\" > /dev/null\nif [[ $? != 0 ]] ; then\n    cat << EOM\nerror: The sandbox is not in sync with the Podfile.lock. Run 'pod install' or update your CocoaPods installation.\nEOM\n    exit 1\nfi\n";
			showEnvVarsInLog = 0;
		};
		B669EF5DE14771BCE2AE5681 /* Copy Pods Resources */ = {
			isa = PBXShellScriptBuildPhase;
			buildActionMask = 2147483647;
			files = (
			);
			inputPaths = (
			);
			name = "Copy Pods Resources";
			outputPaths = (
			);
			runOnlyForDeploymentPostprocessing = 0;
			shellPath = /bin/sh;
			shellScript = "\"${SRCROOT}/Pods/Target Support Files/Pods-BrickBotTests/Pods-BrickBotTests-resources.sh\"\n";
			showEnvVarsInLog = 0;
		};
/* End PBXShellScriptBuildPhase section */

/* Begin PBXSourcesBuildPhase section */
		FBDAEEBD1BB9E25500066995 /* Sources */ = {
			isa = PBXSourcesBuildPhase;
			buildActionMask = 2147483647;
			files = (
				FBA0621D1BBA0C0200F3267D /* BeanRobotManager.swift in Sources */,
				FBA061F91BB9E46300F3267D /* SWPanControl.swift in Sources */,
				FBDAEEC51BB9E25500066995 /* AppDelegate.swift in Sources */,
				FB694D881BBDCFB2004F5E10 /* CalibrationDial.swift in Sources */,
				FB1F1EF01BC39FCB00D6BA25 /* BBMotorCalibration.swift in Sources */,
				FB694D8A1BBDFA30004F5E10 /* SWSettingsButton.swift in Sources */,
				FB1F1EF31BC39FCB00D6BA25 /* BBRobotManager.swift in Sources */,
				FBA0627A1BBC796700F3267D /* SWTiltControl.swift in Sources */,
				FBA0620A1BB9EC2700F3267D /* SimulatedRobotManager.swift in Sources */,
				FB1F1E671BC2ECD500D6BA25 /* UIApplication+BrickBot.swift in Sources */,
				FBA061FA1BB9E46300F3267D /* RobotRemoteViewController.swift in Sources */,
				FBA062221BBA134000F3267D /* UIAlertController+BrickBot.swift in Sources */,
				FB694D8C1BBEF70E004F5E10 /* UIStoryboardSegue+BrickBot.swift in Sources */,
				FBA062261BBA6CF200F3267D /* RobotSettingsViewController.swift in Sources */,
				FBA062101BB9F0E700F3267D /* BallView.swift in Sources */,
				FB1F1EF21BC39FCB00D6BA25 /* BBRobot.swift in Sources */,
				FB694D7D1BBCF354004F5E10 /* SWArrowButton.swift in Sources */,
				FB1F1EF11BC39FCB00D6BA25 /* BBRobotPosition.swift in Sources */,
			);
			runOnlyForDeploymentPostprocessing = 0;
		};
		FBDAEED11BB9E25500066995 /* Sources */ = {
			isa = PBXSourcesBuildPhase;
			buildActionMask = 2147483647;
			files = (
				FB1F1E851BC34C1F00D6BA25 /* SWSettingsButton.swift in Sources */,
				FB1F1E7A1BC34C0900D6BA25 /* RobotRemoteViewController.swift in Sources */,
				FB1F1E8B1BC34C2300D6BA25 /* UIAlertController+BrickBot.swift in Sources */,
				FB1F1E861BC34C1F00D6BA25 /* SWArrowButton.swift in Sources */,
				FB1F1EFA1BC3A0F300D6BA25 /* BBMotorCalibration.swift in Sources */,
				FB1F1E8D1BC34C2300D6BA25 /* UIApplication+BrickBot.swift in Sources */,
				FB1F1EFD1BC3A0F300D6BA25 /* BBRobotManager.swift in Sources */,
				FB1F1E8C1BC34C2300D6BA25 /* UIStoryboardSegue+BrickBot.swift in Sources */,
				FBC4A5E81BC507E100F3F906 /* BBMotorCalibrationTests.swift in Sources */,
				FB1F1E881BC34C1F00D6BA25 /* BallView.swift in Sources */,
				FB1F1E8A1BC34C1F00D6BA25 /* SWTiltControl.swift in Sources */,
				FB1F1E7E1BC34C1600D6BA25 /* BeanRobotManager.swift in Sources */,
				FB1F1E891BC34C1F00D6BA25 /* SWPanControl.swift in Sources */,
				FB1F1EF51BC3A03C00D6BA25 /* BBRobotTests.swift in Sources */,
				FB1F1E7B1BC34C0D00D6BA25 /* RobotSettingsViewController.swift in Sources */,
				FB1F1E8F1BC34C6400D6BA25 /* SimulatedRobotManager.swift in Sources */,
				FB1F1EFC1BC3A0F300D6BA25 /* BBRobot.swift in Sources */,
				FB1F1E871BC34C1F00D6BA25 /* CalibrationDial.swift in Sources */,
				FBC4A7631BC86F3500F3F906 /* BeanRobotManagerTests.swift in Sources */,
				FB1F1EFB1BC3A0F300D6BA25 /* BBRobotPosition.swift in Sources */,
			);
			runOnlyForDeploymentPostprocessing = 0;
		};
		FBDAEEDC1BB9E25500066995 /* Sources */ = {
			isa = PBXSourcesBuildPhase;
			buildActionMask = 2147483647;
			files = (
				FBDAEEE51BB9E25500066995 /* BrickBotUITests.swift in Sources */,
			);
			runOnlyForDeploymentPostprocessing = 0;
		};
/* End PBXSourcesBuildPhase section */

/* Begin PBXTargetDependency section */
		FBDAEED71BB9E25500066995 /* PBXTargetDependency */ = {
			isa = PBXTargetDependency;
			target = FBDAEEC01BB9E25500066995 /* BrickBot */;
			targetProxy = FBDAEED61BB9E25500066995 /* PBXContainerItemProxy */;
		};
		FBDAEEE21BB9E25500066995 /* PBXTargetDependency */ = {
			isa = PBXTargetDependency;
			target = FBDAEEC01BB9E25500066995 /* BrickBot */;
			targetProxy = FBDAEEE11BB9E25500066995 /* PBXContainerItemProxy */;
		};
/* End PBXTargetDependency section */

/* Begin PBXVariantGroup section */
		FBDAEEC81BB9E25500066995 /* Main.storyboard */ = {
			isa = PBXVariantGroup;
			children = (
				FBDAEEC91BB9E25500066995 /* Base */,
			);
			name = Main.storyboard;
			sourceTree = "<group>";
		};
		FBDAEECD1BB9E25500066995 /* LaunchScreen.storyboard */ = {
			isa = PBXVariantGroup;
			children = (
				FBDAEECE1BB9E25500066995 /* Base */,
			);
			name = LaunchScreen.storyboard;
			sourceTree = "<group>";
		};
/* End PBXVariantGroup section */

/* Begin XCBuildConfiguration section */
		FBDAEEE71BB9E25500066995 /* Debug */ = {
			isa = XCBuildConfiguration;
			buildSettings = {
				ALWAYS_SEARCH_USER_PATHS = NO;
				CLANG_CXX_LANGUAGE_STANDARD = "gnu++0x";
				CLANG_CXX_LIBRARY = "libc++";
				CLANG_ENABLE_MODULES = YES;
				CLANG_ENABLE_OBJC_ARC = YES;
				CLANG_WARN_BOOL_CONVERSION = YES;
				CLANG_WARN_CONSTANT_CONVERSION = YES;
				CLANG_WARN_DIRECT_OBJC_ISA_USAGE = YES_ERROR;
				CLANG_WARN_EMPTY_BODY = YES;
				CLANG_WARN_ENUM_CONVERSION = YES;
				CLANG_WARN_INT_CONVERSION = YES;
				CLANG_WARN_OBJC_ROOT_CLASS = YES_ERROR;
				CLANG_WARN_UNREACHABLE_CODE = YES;
				CLANG_WARN__DUPLICATE_METHOD_MATCH = YES;
				"CODE_SIGN_IDENTITY[sdk=iphoneos*]" = "iPhone Developer";
				COPY_PHASE_STRIP = NO;
				DEBUG_INFORMATION_FORMAT = dwarf;
				ENABLE_STRICT_OBJC_MSGSEND = YES;
				ENABLE_TESTABILITY = YES;
				GCC_C_LANGUAGE_STANDARD = gnu99;
				GCC_DYNAMIC_NO_PIC = NO;
				GCC_NO_COMMON_BLOCKS = YES;
				GCC_OPTIMIZATION_LEVEL = 0;
				GCC_PREPROCESSOR_DEFINITIONS = (
					"DEBUG=1",
					"$(inherited)",
				);
				GCC_WARN_64_TO_32_BIT_CONVERSION = YES;
				GCC_WARN_ABOUT_RETURN_TYPE = YES_ERROR;
				GCC_WARN_UNDECLARED_SELECTOR = YES;
				GCC_WARN_UNINITIALIZED_AUTOS = YES_AGGRESSIVE;
				GCC_WARN_UNUSED_FUNCTION = YES;
				GCC_WARN_UNUSED_VARIABLE = YES;
				IPHONEOS_DEPLOYMENT_TARGET = 8.0;
				MTL_ENABLE_DEBUG_INFO = YES;
				ONLY_ACTIVE_ARCH = YES;
				SDKROOT = iphoneos;
				SWIFT_OPTIMIZATION_LEVEL = "-Onone";
				TARGETED_DEVICE_FAMILY = "1,2";
			};
			name = Debug;
		};
		FBDAEEE81BB9E25500066995 /* Release */ = {
			isa = XCBuildConfiguration;
			buildSettings = {
				ALWAYS_SEARCH_USER_PATHS = NO;
				CLANG_CXX_LANGUAGE_STANDARD = "gnu++0x";
				CLANG_CXX_LIBRARY = "libc++";
				CLANG_ENABLE_MODULES = YES;
				CLANG_ENABLE_OBJC_ARC = YES;
				CLANG_WARN_BOOL_CONVERSION = YES;
				CLANG_WARN_CONSTANT_CONVERSION = YES;
				CLANG_WARN_DIRECT_OBJC_ISA_USAGE = YES_ERROR;
				CLANG_WARN_EMPTY_BODY = YES;
				CLANG_WARN_ENUM_CONVERSION = YES;
				CLANG_WARN_INT_CONVERSION = YES;
				CLANG_WARN_OBJC_ROOT_CLASS = YES_ERROR;
				CLANG_WARN_UNREACHABLE_CODE = YES;
				CLANG_WARN__DUPLICATE_METHOD_MATCH = YES;
				"CODE_SIGN_IDENTITY[sdk=iphoneos*]" = "iPhone Developer";
				COPY_PHASE_STRIP = NO;
				DEBUG_INFORMATION_FORMAT = "dwarf-with-dsym";
				ENABLE_NS_ASSERTIONS = NO;
				ENABLE_STRICT_OBJC_MSGSEND = YES;
				GCC_C_LANGUAGE_STANDARD = gnu99;
				GCC_NO_COMMON_BLOCKS = YES;
				GCC_WARN_64_TO_32_BIT_CONVERSION = YES;
				GCC_WARN_ABOUT_RETURN_TYPE = YES_ERROR;
				GCC_WARN_UNDECLARED_SELECTOR = YES;
				GCC_WARN_UNINITIALIZED_AUTOS = YES_AGGRESSIVE;
				GCC_WARN_UNUSED_FUNCTION = YES;
				GCC_WARN_UNUSED_VARIABLE = YES;
				IPHONEOS_DEPLOYMENT_TARGET = 8.0;
				MTL_ENABLE_DEBUG_INFO = NO;
				SDKROOT = iphoneos;
				TARGETED_DEVICE_FAMILY = "1,2";
				VALIDATE_PRODUCT = YES;
			};
			name = Release;
		};
		FBDAEEEA1BB9E25500066995 /* Debug */ = {
			isa = XCBuildConfiguration;
			baseConfigurationReference = 4189AEB01E1CF4CA5F751B87 /* Pods-BrickBot.debug.xcconfig */;
			buildSettings = {
				ASSETCATALOG_COMPILER_APPICON_NAME = AppIcon;
				CLANG_ENABLE_MODULES = YES;
				CODE_SIGN_IDENTITY = "iPhone Developer";
				"CODE_SIGN_IDENTITY[sdk=iphoneos*]" = "iPhone Developer";
				INFOPLIST_FILE = BrickBot/Info.plist;
				LD_RUNPATH_SEARCH_PATHS = "$(inherited) @executable_path/Frameworks";
				PRODUCT_BUNDLE_IDENTIFIER = com.smallwisdom.BrickBot;
				PRODUCT_NAME = "$(TARGET_NAME)";
				PROVISIONING_PROFILE = "";
				SWIFT_OBJC_BRIDGING_HEADER = "BrickBot/BrickBot-Bridging-Header.h";
				SWIFT_OPTIMIZATION_LEVEL = "-Onone";
			};
			name = Debug;
		};
		FBDAEEEB1BB9E25500066995 /* Release */ = {
			isa = XCBuildConfiguration;
			baseConfigurationReference = 467BB6F76E725B965F9D77A6 /* Pods-BrickBot.release.xcconfig */;
			buildSettings = {
				ASSETCATALOG_COMPILER_APPICON_NAME = AppIcon;
				CLANG_ENABLE_MODULES = YES;
				CODE_SIGN_IDENTITY = "iPhone Developer";
				"CODE_SIGN_IDENTITY[sdk=iphoneos*]" = "iPhone Developer";
				INFOPLIST_FILE = BrickBot/Info.plist;
				LD_RUNPATH_SEARCH_PATHS = "$(inherited) @executable_path/Frameworks";
				PRODUCT_BUNDLE_IDENTIFIER = com.smallwisdom.BrickBot;
				PRODUCT_NAME = "$(TARGET_NAME)";
				PROVISIONING_PROFILE = "";
				SWIFT_OBJC_BRIDGING_HEADER = "BrickBot/BrickBot-Bridging-Header.h";
			};
			name = Release;
		};
		FBDAEEED1BB9E25500066995 /* Debug */ = {
			isa = XCBuildConfiguration;
			baseConfigurationReference = 2707BBB942FB5C0178DB7455 /* Pods-BrickBotTests.debug.xcconfig */;
			buildSettings = {
				CLANG_ENABLE_MODULES = YES;
				INFOPLIST_FILE = BrickBotTests/Info.plist;
				LD_RUNPATH_SEARCH_PATHS = "$(inherited) @executable_path/Frameworks @loader_path/Frameworks";
				PRODUCT_BUNDLE_IDENTIFIER = com.smallwisdom.BrickBotTests;
				PRODUCT_NAME = "$(TARGET_NAME)";
				SWIFT_OBJC_BRIDGING_HEADER = "BrickBot/BrickBotTests-Bridging-Header.h";
				SWIFT_OPTIMIZATION_LEVEL = "-Onone";
			};
			name = Debug;
		};
		FBDAEEEE1BB9E25500066995 /* Release */ = {
			isa = XCBuildConfiguration;
			baseConfigurationReference = D13E38A3FD18AE62138E3600 /* Pods-BrickBotTests.release.xcconfig */;
			buildSettings = {
				CLANG_ENABLE_MODULES = YES;
				INFOPLIST_FILE = BrickBotTests/Info.plist;
				LD_RUNPATH_SEARCH_PATHS = "$(inherited) @executable_path/Frameworks @loader_path/Frameworks";
				PRODUCT_BUNDLE_IDENTIFIER = com.smallwisdom.BrickBotTests;
				PRODUCT_NAME = "$(TARGET_NAME)";
				SWIFT_OBJC_BRIDGING_HEADER = "BrickBot/BrickBotTests-Bridging-Header.h";
			};
			name = Release;
		};
		FBDAEEF01BB9E25500066995 /* Debug */ = {
			isa = XCBuildConfiguration;
			buildSettings = {
				CLANG_ENABLE_MODULES = YES;
				INFOPLIST_FILE = BrickBotUITests/Info.plist;
				LD_RUNPATH_SEARCH_PATHS = "$(inherited) @executable_path/Frameworks @loader_path/Frameworks";
				PRODUCT_BUNDLE_IDENTIFIER = com.smallwisdom.BrickBotUITests;
				PRODUCT_NAME = "$(TARGET_NAME)";
				SWIFT_OBJC_BRIDGING_HEADER = "BrickBot/BrickBotUITests-Bridging-Header.h";
				SWIFT_OPTIMIZATION_LEVEL = "-Onone";
				TEST_TARGET_NAME = BrickBot;
				USES_XCTRUNNER = YES;
			};
			name = Debug;
		};
		FBDAEEF11BB9E25500066995 /* Release */ = {
			isa = XCBuildConfiguration;
			buildSettings = {
				CLANG_ENABLE_MODULES = YES;
				INFOPLIST_FILE = BrickBotUITests/Info.plist;
				LD_RUNPATH_SEARCH_PATHS = "$(inherited) @executable_path/Frameworks @loader_path/Frameworks";
				PRODUCT_BUNDLE_IDENTIFIER = com.smallwisdom.BrickBotUITests;
				PRODUCT_NAME = "$(TARGET_NAME)";
				SWIFT_OBJC_BRIDGING_HEADER = "BrickBot/BrickBotUITests-Bridging-Header.h";
				TEST_TARGET_NAME = BrickBot;
				USES_XCTRUNNER = YES;
			};
			name = Release;
		};
/* End XCBuildConfiguration section */

/* Begin XCConfigurationList section */
		FBDAEEBC1BB9E25500066995 /* Build configuration list for PBXProject "BrickBot" */ = {
			isa = XCConfigurationList;
			buildConfigurations = (
				FBDAEEE71BB9E25500066995 /* Debug */,
				FBDAEEE81BB9E25500066995 /* Release */,
			);
			defaultConfigurationIsVisible = 0;
			defaultConfigurationName = Release;
		};
		FBDAEEE91BB9E25500066995 /* Build configuration list for PBXNativeTarget "BrickBot" */ = {
			isa = XCConfigurationList;
			buildConfigurations = (
				FBDAEEEA1BB9E25500066995 /* Debug */,
				FBDAEEEB1BB9E25500066995 /* Release */,
			);
			defaultConfigurationIsVisible = 0;
			defaultConfigurationName = Release;
		};
		FBDAEEEC1BB9E25500066995 /* Build configuration list for PBXNativeTarget "BrickBotTests" */ = {
			isa = XCConfigurationList;
			buildConfigurations = (
				FBDAEEED1BB9E25500066995 /* Debug */,
				FBDAEEEE1BB9E25500066995 /* Release */,
			);
			defaultConfigurationIsVisible = 0;
			defaultConfigurationName = Release;
		};
		FBDAEEEF1BB9E25500066995 /* Build configuration list for PBXNativeTarget "BrickBotUITests" */ = {
			isa = XCConfigurationList;
			buildConfigurations = (
				FBDAEEF01BB9E25500066995 /* Debug */,
				FBDAEEF11BB9E25500066995 /* Release */,
			);
			defaultConfigurationIsVisible = 0;
			defaultConfigurationName = Release;
		};
/* End XCConfigurationList section */
	};
	rootObject = FBDAEEB91BB9E25500066995 /* Project object */;
}
